// !$*UTF8*$!
{
	archiveVersion = 1;
	classes = {
	};
	objectVersion = 56;
	objects = {

/* Begin PBXBuildFile section */
		E020863F2B1892C4004C7AA0 /* SingleImageViewController.swift in Sources */ = {isa = PBXBuildFile; fileRef = E020863E2B1892C4004C7AA0 /* SingleImageViewController.swift */; };
		E02086A22B2795E2004C7AA0 /* Constants.swift in Sources */ = {isa = PBXBuildFile; fileRef = E02086A12B2795E2004C7AA0 /* Constants.swift */; };
		E036BC0B2AF538F800261E34 /* AppDelegate.swift in Sources */ = {isa = PBXBuildFile; fileRef = E036BC0A2AF538F800261E34 /* AppDelegate.swift */; };
		E036BC0D2AF538F800261E34 /* SceneDelegate.swift in Sources */ = {isa = PBXBuildFile; fileRef = E036BC0C2AF538F800261E34 /* SceneDelegate.swift */; };
		E036BC0F2AF538F800261E34 /* ImagesListViewController.swift in Sources */ = {isa = PBXBuildFile; fileRef = E036BC0E2AF538F800261E34 /* ImagesListViewController.swift */; };
		E036BC122AF538F800261E34 /* Main.storyboard in Resources */ = {isa = PBXBuildFile; fileRef = E036BC102AF538F800261E34 /* Main.storyboard */; };
		E036BC142AF538F800261E34 /* Assets.xcassets in Resources */ = {isa = PBXBuildFile; fileRef = E036BC132AF538F800261E34 /* Assets.xcassets */; };
		E036BC172AF538F800261E34 /* LaunchScreen.storyboard in Resources */ = {isa = PBXBuildFile; fileRef = E036BC152AF538F800261E34 /* LaunchScreen.storyboard */; };
		E036BC3F2B05454500261E34 /* ImagesListCell.swift in Sources */ = {isa = PBXBuildFile; fileRef = E036BC3E2B05454500261E34 /* ImagesListCell.swift */; };
		E036BC462B15157100261E34 /* ProfileViewController.swift in Sources */ = {isa = PBXBuildFile; fileRef = E036BC452B15157100261E34 /* ProfileViewController.swift */; };
		E093CD512B2E23E200BD0EBA /* AuthViewController.swift in Sources */ = {isa = PBXBuildFile; fileRef = E093CD502B2E23E200BD0EBA /* AuthViewController.swift */; };
		E093CD542B2E262200BD0EBA /* WebViewViewController.swift in Sources */ = {isa = PBXBuildFile; fileRef = E093CD532B2E262200BD0EBA /* WebViewViewController.swift */; };
/* End PBXBuildFile section */

/* Begin PBXFileReference section */
		E020863E2B1892C4004C7AA0 /* SingleImageViewController.swift */ = {isa = PBXFileReference; lastKnownFileType = sourcecode.swift; path = SingleImageViewController.swift; sourceTree = "<group>"; };
		E02086A12B2795E2004C7AA0 /* Constants.swift */ = {isa = PBXFileReference; lastKnownFileType = sourcecode.swift; path = Constants.swift; sourceTree = "<group>"; };
		E036BC072AF538F800261E34 /* ImageFeedApp.app */ = {isa = PBXFileReference; explicitFileType = wrapper.application; includeInIndex = 0; path = ImageFeedApp.app; sourceTree = BUILT_PRODUCTS_DIR; };
		E036BC0A2AF538F800261E34 /* AppDelegate.swift */ = {isa = PBXFileReference; lastKnownFileType = sourcecode.swift; path = AppDelegate.swift; sourceTree = "<group>"; };
		E036BC0C2AF538F800261E34 /* SceneDelegate.swift */ = {isa = PBXFileReference; lastKnownFileType = sourcecode.swift; path = SceneDelegate.swift; sourceTree = "<group>"; };
		E036BC0E2AF538F800261E34 /* ImagesListViewController.swift */ = {isa = PBXFileReference; lastKnownFileType = sourcecode.swift; path = ImagesListViewController.swift; sourceTree = "<group>"; };
		E036BC112AF538F800261E34 /* Base */ = {isa = PBXFileReference; lastKnownFileType = file.storyboard; name = Base; path = Base.lproj/Main.storyboard; sourceTree = "<group>"; };
		E036BC132AF538F800261E34 /* Assets.xcassets */ = {isa = PBXFileReference; lastKnownFileType = folder.assetcatalog; path = Assets.xcassets; sourceTree = "<group>"; };
		E036BC162AF538F800261E34 /* Base */ = {isa = PBXFileReference; lastKnownFileType = file.storyboard; name = Base; path = Base.lproj/LaunchScreen.storyboard; sourceTree = "<group>"; };
		E036BC182AF538F800261E34 /* Info.plist */ = {isa = PBXFileReference; lastKnownFileType = text.plist.xml; path = Info.plist; sourceTree = "<group>"; };
		E036BC3E2B05454500261E34 /* ImagesListCell.swift */ = {isa = PBXFileReference; lastKnownFileType = sourcecode.swift; path = ImagesListCell.swift; sourceTree = "<group>"; };
		E036BC452B15157100261E34 /* ProfileViewController.swift */ = {isa = PBXFileReference; lastKnownFileType = sourcecode.swift; path = ProfileViewController.swift; sourceTree = "<group>"; };
		E093CD502B2E23E200BD0EBA /* AuthViewController.swift */ = {isa = PBXFileReference; lastKnownFileType = sourcecode.swift; path = AuthViewController.swift; sourceTree = "<group>"; };
		E093CD532B2E262200BD0EBA /* WebViewViewController.swift */ = {isa = PBXFileReference; lastKnownFileType = sourcecode.swift; path = WebViewViewController.swift; sourceTree = "<group>"; };
/* End PBXFileReference section */

/* Begin PBXFrameworksBuildPhase section */
		E036BC042AF538F800261E34 /* Frameworks */ = {
			isa = PBXFrameworksBuildPhase;
			buildActionMask = 2147483647;
			files = (
			);
			runOnlyForDeploymentPostprocessing = 0;
		};
/* End PBXFrameworksBuildPhase section */

/* Begin PBXGroup section */
		E02086402B18AB58004C7AA0 /* SingleImageView */ = {
			isa = PBXGroup;
			children = (
				E020863E2B1892C4004C7AA0 /* SingleImageViewController.swift */,
			);
			name = SingleImageView;
			sourceTree = "<group>";
		};
		E036BBFE2AF538F700261E34 = {
			isa = PBXGroup;
			children = (
				E036BC092AF538F800261E34 /* ImageFeedApp */,
				E036BC082AF538F800261E34 /* Products */,
			);
			sourceTree = "<group>";
		};
		E036BC082AF538F800261E34 /* Products */ = {
			isa = PBXGroup;
			children = (
				E036BC072AF538F800261E34 /* ImageFeedApp.app */,
			);
			name = Products;
			sourceTree = "<group>";
		};
		E036BC092AF538F800261E34 /* ImageFeedApp */ = {
			isa = PBXGroup;
			children = (
				E036BC0A2AF538F800261E34 /* AppDelegate.swift */,
				E036BC0C2AF538F800261E34 /* SceneDelegate.swift */,
				E02086A12B2795E2004C7AA0 /* Constants.swift */,
				E093CD522B2E242B00BD0EBA /* Auth */,
				E02086402B18AB58004C7AA0 /* SingleImageView */,
				E036BC442B15155B00261E34 /* Profile */,
				E036BC402B05458500261E34 /* ImagesList */,
				E036BC102AF538F800261E34 /* Main.storyboard */,
				E036BC132AF538F800261E34 /* Assets.xcassets */,
				E036BC152AF538F800261E34 /* LaunchScreen.storyboard */,
				E036BC182AF538F800261E34 /* Info.plist */,
			);
			path = ImageFeedApp;
			sourceTree = "<group>";
		};
		E036BC402B05458500261E34 /* ImagesList */ = {
			isa = PBXGroup;
			children = (
				E036BC0E2AF538F800261E34 /* ImagesListViewController.swift */,
				E036BC3E2B05454500261E34 /* ImagesListCell.swift */,
			);
			name = ImagesList;
			sourceTree = "<group>";
		};
		E036BC442B15155B00261E34 /* Profile */ = {
			isa = PBXGroup;
			children = (
				E036BC452B15157100261E34 /* ProfileViewController.swift */,
			);
			path = Profile;
			sourceTree = "<group>";
		};
		E093CD522B2E242B00BD0EBA /* Auth */ = {
			isa = PBXGroup;
			children = (
				E093CD502B2E23E200BD0EBA /* AuthViewController.swift */,
				E093CD532B2E262200BD0EBA /* WebViewViewController.swift */,
			);
			path = Auth;
			sourceTree = "<group>";
		};
/* End PBXGroup section */

/* Begin PBXNativeTarget section */
		E036BC062AF538F800261E34 /* ImageFeedApp */ = {
			isa = PBXNativeTarget;
			buildConfigurationList = E036BC1B2AF538F800261E34 /* Build configuration list for PBXNativeTarget "ImageFeedApp" */;
			buildPhases = (
				E036BC032AF538F800261E34 /* Sources */,
				E036BC042AF538F800261E34 /* Frameworks */,
				E036BC052AF538F800261E34 /* Resources */,
			);
			buildRules = (
			);
			dependencies = (
			);
			name = ImageFeedApp;
			productName = ImageFeedApp;
			productReference = E036BC072AF538F800261E34 /* ImageFeedApp.app */;
			productType = "com.apple.product-type.application";
		};
/* End PBXNativeTarget section */

/* Begin PBXProject section */
		E036BBFF2AF538F700261E34 /* Project object */ = {
			isa = PBXProject;
			attributes = {
				BuildIndependentTargetsInParallel = 1;
				LastSwiftUpdateCheck = 1430;
				LastUpgradeCheck = 1430;
				TargetAttributes = {
					E036BC062AF538F800261E34 = {
						CreatedOnToolsVersion = 14.3.1;
					};
				};
			};
			buildConfigurationList = E036BC022AF538F700261E34 /* Build configuration list for PBXProject "ImageFeedApp" */;
			compatibilityVersion = "Xcode 14.0";
			developmentRegion = en;
			hasScannedForEncodings = 0;
			knownRegions = (
				en,
				Base,
			);
			mainGroup = E036BBFE2AF538F700261E34;
			productRefGroup = E036BC082AF538F800261E34 /* Products */;
			projectDirPath = "";
			projectRoot = "";
			targets = (
				E036BC062AF538F800261E34 /* ImageFeedApp */,
			);
		};
/* End PBXProject section */

/* Begin PBXResourcesBuildPhase section */
		E036BC052AF538F800261E34 /* Resources */ = {
			isa = PBXResourcesBuildPhase;
			buildActionMask = 2147483647;
			files = (
				E036BC172AF538F800261E34 /* LaunchScreen.storyboard in Resources */,
				E036BC142AF538F800261E34 /* Assets.xcassets in Resources */,
				E036BC122AF538F800261E34 /* Main.storyboard in Resources */,
			);
			runOnlyForDeploymentPostprocessing = 0;
		};
/* End PBXResourcesBuildPhase section */

/* Begin PBXSourcesBuildPhase section */
		E036BC032AF538F800261E34 /* Sources */ = {
			isa = PBXSourcesBuildPhase;
			buildActionMask = 2147483647;
			files = (
				E036BC0F2AF538F800261E34 /* ImagesListViewController.swift in Sources */,
				E036BC3F2B05454500261E34 /* ImagesListCell.swift in Sources */,
				E036BC462B15157100261E34 /* ProfileViewController.swift in Sources */,
				E036BC0B2AF538F800261E34 /* AppDelegate.swift in Sources */,
				E093CD512B2E23E200BD0EBA /* AuthViewController.swift in Sources */,
				E02086A22B2795E2004C7AA0 /* Constants.swift in Sources */,
				E020863F2B1892C4004C7AA0 /* SingleImageViewController.swift in Sources */,
				E093CD542B2E262200BD0EBA /* WebViewViewController.swift in Sources */,
				E036BC0D2AF538F800261E34 /* SceneDelegate.swift in Sources */,
			);
			runOnlyForDeploymentPostprocessing = 0;
		};
/* End PBXSourcesBuildPhase section */

/* Begin PBXVariantGroup section */
		E036BC102AF538F800261E34 /* Main.storyboard */ = {
			isa = PBXVariantGroup;
			children = (
				E036BC112AF538F800261E34 /* Base */,
			);
			name = Main.storyboard;
			sourceTree = "<group>";
		};
		E036BC152AF538F800261E34 /* LaunchScreen.storyboard */ = {
			isa = PBXVariantGroup;
			children = (
				E036BC162AF538F800261E34 /* Base */,
			);
			name = LaunchScreen.storyboard;
			sourceTree = "<group>";
		};
/* End PBXVariantGroup section */

/* Begin XCBuildConfiguration section */
		E036BC192AF538F800261E34 /* Debug */ = {
			isa = XCBuildConfiguration;
			buildSettings = {
				ALWAYS_SEARCH_USER_PATHS = NO;
				CLANG_ANALYZER_NONNULL = YES;
				CLANG_ANALYZER_NUMBER_OBJECT_CONVERSION = YES_AGGRESSIVE;
				CLANG_CXX_LANGUAGE_STANDARD = "gnu++20";
				CLANG_ENABLE_MODULES = YES;
				CLANG_ENABLE_OBJC_ARC = YES;
				CLANG_ENABLE_OBJC_WEAK = YES;
				CLANG_WARN_BLOCK_CAPTURE_AUTORELEASING = YES;
				CLANG_WARN_BOOL_CONVERSION = YES;
				CLANG_WARN_COMMA = YES;
				CLANG_WARN_CONSTANT_CONVERSION = YES;
				CLANG_WARN_DEPRECATED_OBJC_IMPLEMENTATIONS = YES;
				CLANG_WARN_DIRECT_OBJC_ISA_USAGE = YES_ERROR;
				CLANG_WARN_DOCUMENTATION_COMMENTS = YES;
				CLANG_WARN_EMPTY_BODY = YES;
				CLANG_WARN_ENUM_CONVERSION = YES;
				CLANG_WARN_INFINITE_RECURSION = YES;
				CLANG_WARN_INT_CONVERSION = YES;
				CLANG_WARN_NON_LITERAL_NULL_CONVERSION = YES;
				CLANG_WARN_OBJC_IMPLICIT_RETAIN_SELF = YES;
				CLANG_WARN_OBJC_LITERAL_CONVERSION = YES;
				CLANG_WARN_OBJC_ROOT_CLASS = YES_ERROR;
				CLANG_WARN_QUOTED_INCLUDE_IN_FRAMEWORK_HEADER = YES;
				CLANG_WARN_RANGE_LOOP_ANALYSIS = YES;
				CLANG_WARN_STRICT_PROTOTYPES = YES;
				CLANG_WARN_SUSPICIOUS_MOVE = YES;
				CLANG_WARN_UNGUARDED_AVAILABILITY = YES_AGGRESSIVE;
				CLANG_WARN_UNREACHABLE_CODE = YES;
				CLANG_WARN__DUPLICATE_METHOD_MATCH = YES;
				COPY_PHASE_STRIP = NO;
				DEBUG_INFORMATION_FORMAT = dwarf;
				ENABLE_STRICT_OBJC_MSGSEND = YES;
				ENABLE_TESTABILITY = YES;
				GCC_C_LANGUAGE_STANDARD = gnu11;
				GCC_DYNAMIC_NO_PIC = NO;
				GCC_NO_COMMON_BLOCKS = YES;
				GCC_OPTIMIZATION_LEVEL = 0;
				GCC_PREPROCESSOR_DEFINITIONS = (
					"DEBUG=1",
					"$(inherited)",
				);
				GCC_WARN_64_TO_32_BIT_CONVERSION = YES;
				GCC_WARN_ABOUT_RETURN_TYPE = YES_ERROR;
				GCC_WARN_UNDECLARED_SELECTOR = YES;
				GCC_WARN_UNINITIALIZED_AUTOS = YES_AGGRESSIVE;
				GCC_WARN_UNUSED_FUNCTION = YES;
				GCC_WARN_UNUSED_VARIABLE = YES;
				IPHONEOS_DEPLOYMENT_TARGET = 13.0;
				MTL_ENABLE_DEBUG_INFO = INCLUDE_SOURCE;
				MTL_FAST_MATH = YES;
				ONLY_ACTIVE_ARCH = YES;
				SDKROOT = iphoneos;
				SWIFT_ACTIVE_COMPILATION_CONDITIONS = DEBUG;
				SWIFT_OPTIMIZATION_LEVEL = "-Onone";
			};
			name = Debug;
		};
		E036BC1A2AF538F800261E34 /* Release */ = {
			isa = XCBuildConfiguration;
			buildSettings = {
				ALWAYS_SEARCH_USER_PATHS = NO;
				CLANG_ANALYZER_NONNULL = YES;
				CLANG_ANALYZER_NUMBER_OBJECT_CONVERSION = YES_AGGRESSIVE;
				CLANG_CXX_LANGUAGE_STANDARD = "gnu++20";
				CLANG_ENABLE_MODULES = YES;
				CLANG_ENABLE_OBJC_ARC = YES;
				CLANG_ENABLE_OBJC_WEAK = YES;
				CLANG_WARN_BLOCK_CAPTURE_AUTORELEASING = YES;
				CLANG_WARN_BOOL_CONVERSION = YES;
				CLANG_WARN_COMMA = YES;
				CLANG_WARN_CONSTANT_CONVERSION = YES;
				CLANG_WARN_DEPRECATED_OBJC_IMPLEMENTATIONS = YES;
				CLANG_WARN_DIRECT_OBJC_ISA_USAGE = YES_ERROR;
				CLANG_WARN_DOCUMENTATION_COMMENTS = YES;
				CLANG_WARN_EMPTY_BODY = YES;
				CLANG_WARN_ENUM_CONVERSION = YES;
				CLANG_WARN_INFINITE_RECURSION = YES;
				CLANG_WARN_INT_CONVERSION = YES;
				CLANG_WARN_NON_LITERAL_NULL_CONVERSION = YES;
				CLANG_WARN_OBJC_IMPLICIT_RETAIN_SELF = YES;
				CLANG_WARN_OBJC_LITERAL_CONVERSION = YES;
				CLANG_WARN_OBJC_ROOT_CLASS = YES_ERROR;
				CLANG_WARN_QUOTED_INCLUDE_IN_FRAMEWORK_HEADER = YES;
				CLANG_WARN_RANGE_LOOP_ANALYSIS = YES;
				CLANG_WARN_STRICT_PROTOTYPES = YES;
				CLANG_WARN_SUSPICIOUS_MOVE = YES;
				CLANG_WARN_UNGUARDED_AVAILABILITY = YES_AGGRESSIVE;
				CLANG_WARN_UNREACHABLE_CODE = YES;
				CLANG_WARN__DUPLICATE_METHOD_MATCH = YES;
				COPY_PHASE_STRIP = NO;
				DEBUG_INFORMATION_FORMAT = "dwarf-with-dsym";
				ENABLE_NS_ASSERTIONS = NO;
				ENABLE_STRICT_OBJC_MSGSEND = YES;
				GCC_C_LANGUAGE_STANDARD = gnu11;
				GCC_NO_COMMON_BLOCKS = YES;
				GCC_WARN_64_TO_32_BIT_CONVERSION = YES;
				GCC_WARN_ABOUT_RETURN_TYPE = YES_ERROR;
				GCC_WARN_UNDECLARED_SELECTOR = YES;
				GCC_WARN_UNINITIALIZED_AUTOS = YES_AGGRESSIVE;
				GCC_WARN_UNUSED_FUNCTION = YES;
				GCC_WARN_UNUSED_VARIABLE = YES;
				IPHONEOS_DEPLOYMENT_TARGET = 13.0;
				MTL_ENABLE_DEBUG_INFO = NO;
				MTL_FAST_MATH = YES;
				SDKROOT = iphoneos;
				SWIFT_COMPILATION_MODE = wholemodule;
				SWIFT_OPTIMIZATION_LEVEL = "-O";
				VALIDATE_PRODUCT = YES;
			};
			name = Release;
		};
		E036BC1C2AF538F800261E34 /* Debug */ = {
			isa = XCBuildConfiguration;
			buildSettings = {
				ASSETCATALOG_COMPILER_APPICON_NAME = AppIcon;
				ASSETCATALOG_COMPILER_GLOBAL_ACCENT_COLOR_NAME = AccentColor;
				CODE_SIGN_STYLE = Automatic;
				CURRENT_PROJECT_VERSION = 1;
				DEVELOPMENT_TEAM = 2N7Z6PLRZ9;
				GENERATE_INFOPLIST_FILE = YES;
				INFOPLIST_FILE = ImageFeedApp/Info.plist;
				INFOPLIST_KEY_UIApplicationSupportsIndirectInputEvents = YES;
				INFOPLIST_KEY_UILaunchStoryboardName = LaunchScreen;
				INFOPLIST_KEY_UIMainStoryboardFile = Main;
				INFOPLIST_KEY_UISupportedInterfaceOrientations = UIInterfaceOrientationPortrait;
				IPHONEOS_DEPLOYMENT_TARGET = 13.0;
				LD_RUNPATH_SEARCH_PATHS = (
					"$(inherited)",
					"@executable_path/Frameworks",
				);
				MARKETING_VERSION = 1.0;
				PRODUCT_BUNDLE_IDENTIFIER = com.maksimir91.ImageFeedApp;
				PRODUCT_NAME = "$(TARGET_NAME)";
				SUPPORTED_PLATFORMS = "iphoneos iphonesimulator";
				SUPPORTS_MACCATALYST = NO;
				SUPPORTS_MAC_DESIGNED_FOR_IPHONE_IPAD = YES;
				SWIFT_EMIT_LOC_STRINGS = YES;
				SWIFT_VERSION = 5.0;
				TARGETED_DEVICE_FAMILY = 1;
			};
			name = Debug;
		};
		E036BC1D2AF538F800261E34 /* Release */ = {
			isa = XCBuildConfiguration;
			buildSettings = {
				ASSETCATALOG_COMPILER_APPICON_NAME = AppIcon;
				ASSETCATALOG_COMPILER_GLOBAL_ACCENT_COLOR_NAME = AccentColor;
				CODE_SIGN_STYLE = Automatic;
				CURRENT_PROJECT_VERSION = 1;
				DEVELOPMENT_TEAM = 2N7Z6PLRZ9;
				GENERATE_INFOPLIST_FILE = YES;
				INFOPLIST_FILE = ImageFeedApp/Info.plist;
				INFOPLIST_KEY_UIApplicationSupportsIndirectInputEvents = YES;
				INFOPLIST_KEY_UILaunchStoryboardName = LaunchScreen;
				INFOPLIST_KEY_UIMainStoryboardFile = Main;
				INFOPLIST_KEY_UISupportedInterfaceOrientations = UIInterfaceOrientationPortrait;
				IPHONEOS_DEPLOYMENT_TARGET = 13.0;
				LD_RUNPATH_SEARCH_PATHS = (
					"$(inherited)",
					"@executable_path/Frameworks",
				);
				MARKETING_VERSION = 1.0;
				PRODUCT_BUNDLE_IDENTIFIER = com.maksimir91.ImageFeedApp;
				PRODUCT_NAME = "$(TARGET_NAME)";
				SUPPORTED_PLATFORMS = "iphoneos iphonesimulator";
				SUPPORTS_MACCATALYST = NO;
				SUPPORTS_MAC_DESIGNED_FOR_IPHONE_IPAD = YES;
				SWIFT_EMIT_LOC_STRINGS = YES;
				SWIFT_VERSION = 5.0;
				TARGETED_DEVICE_FAMILY = 1;
			};
			name = Release;
		};
/* End XCBuildConfiguration section */

/* Begin XCConfigurationList section */
		E036BC022AF538F700261E34 /* Build configuration list for PBXProject "ImageFeedApp" */ = {
			isa = XCConfigurationList;
			buildConfigurations = (
				E036BC192AF538F800261E34 /* Debug */,
				E036BC1A2AF538F800261E34 /* Release */,
			);
			defaultConfigurationIsVisible = 0;
			defaultConfigurationName = Release;
		};
		E036BC1B2AF538F800261E34 /* Build configuration list for PBXNativeTarget "ImageFeedApp" */ = {
			isa = XCConfigurationList;
			buildConfigurations = (
				E036BC1C2AF538F800261E34 /* Debug */,
				E036BC1D2AF538F800261E34 /* Release */,
			);
			defaultConfigurationIsVisible = 0;
			defaultConfigurationName = Release;
		};
/* End XCConfigurationList section */
	};
	rootObject = E036BBFF2AF538F700261E34 /* Project object */;
}
